
Microsoft Visual Studio Solution File, Format Version 12.00
# Visual Studio 15
VisualStudioVersion = 15.0.27025.1
MinimumVisualStudioVersion = 10.0.40219.1
Project("{2150E333-8FDC-42A3-9474-1A3956D46DE8}") = "samples", "samples", "{6DB5C5B1-9511-4544-A19D-9ABE76438F6F}"
EndProject
Project("{2150E333-8FDC-42A3-9474-1A3956D46DE8}") = "src", "src", "{1AA96BDF-4B01-45FA-B8C5-66790A867B16}"
EndProject
Project("{9A19103F-16F7-4668-BE54-9A1E7A4F7556}") = "TestApp", "samples\TestApp\TestApp.csproj", "{208C69BF-C955-4697-924A-883CFBD1843D}"
EndProject
Project("{9A19103F-16F7-4668-BE54-9A1E7A4F7556}") = "Apparator.TestClient", "src\Apparator.TestClient\Apparator.TestClient.csproj", "{924ABA42-6842-4359-B64D-C8DDDBEA96B6}"
EndProject
Project("{9A19103F-16F7-4668-BE54-9A1E7A4F7556}") = "Apparator.Host", "src\Apparator.Host\Apparator.Host.csproj", "{C0CFD13A-2867-45FE-AABE-45446DB24B57}"
EndProject
Project("{9A19103F-16F7-4668-BE54-9A1E7A4F7556}") = "Apparator.Tasks", "src\Apparator.Tasks\Apparator.Tasks.csproj", "{54815FE3-7915-43DA-AA6F-3640D4C5BB07}"
EndProject
Project("{9A19103F-16F7-4668-BE54-9A1E7A4F7556}") = "Apparator.Razor.Tasks", "src\Apparator.Razor.Tasks\Apparator.Razor.Tasks.csproj", "{83888C7C-A5AB-45A4-9D47-A80502051B3C}"
EndProject
Project("{9A19103F-16F7-4668-BE54-9A1E7A4F7556}") = "Apparator.Razor.TagHelpers", "src\Apparator.Razor.TagHelpers\Apparator.Razor.TagHelpers.csproj", "{A1C6CCCC-6AF5-45A0-9FF7-06D05E51A06D}"
EndProject
Project("{9A19103F-16F7-4668-BE54-9A1E7A4F7556}") = "Apparator.Razor.CodeGeneration", "src\Apparator.Razor.CodeGeneration\Apparator.Razor.CodeGeneration.csproj", "{58243EE2-C45C-4A30-AF12-C13DD98C5526}"
EndProject
Project("{FAE04EC0-301F-11D3-BF4B-00C04F79EFBC}") = "Apparator.Razor.Tasks2", "src\Apparator.Razor.Tasks2\Apparator.Razor.Tasks2.csproj", "{182FFE1E-6112-40AA-ABCB-FBB9EBB508C9}"
EndProject
Global
	GlobalSection(SolutionConfigurationPlatforms) = preSolution
		Debug|Any CPU = Debug|Any CPU
		Release|Any CPU = Release|Any CPU
	EndGlobalSection
	GlobalSection(ProjectConfigurationPlatforms) = postSolution
		{208C69BF-C955-4697-924A-883CFBD1843D}.Debug|Any CPU.ActiveCfg = Debug|Any CPU
		{208C69BF-C955-4697-924A-883CFBD1843D}.Debug|Any CPU.Build.0 = Debug|Any CPU
		{208C69BF-C955-4697-924A-883CFBD1843D}.Release|Any CPU.ActiveCfg = Release|Any CPU
		{208C69BF-C955-4697-924A-883CFBD1843D}.Release|Any CPU.Build.0 = Release|Any CPU
		{924ABA42-6842-4359-B64D-C8DDDBEA96B6}.Debug|Any CPU.ActiveCfg = Debug|Any CPU
		{924ABA42-6842-4359-B64D-C8DDDBEA96B6}.Debug|Any CPU.Build.0 = Debug|Any CPU
		{924ABA42-6842-4359-B64D-C8DDDBEA96B6}.Release|Any CPU.ActiveCfg = Release|Any CPU
		{924ABA42-6842-4359-B64D-C8DDDBEA96B6}.Release|Any CPU.Build.0 = Release|Any CPU
		{C0CFD13A-2867-45FE-AABE-45446DB24B57}.Debug|Any CPU.ActiveCfg = Debug|Any CPU
		{C0CFD13A-2867-45FE-AABE-45446DB24B57}.Debug|Any CPU.Build.0 = Debug|Any CPU
		{C0CFD13A-2867-45FE-AABE-45446DB24B57}.Release|Any CPU.ActiveCfg = Release|Any CPU
		{C0CFD13A-2867-45FE-AABE-45446DB24B57}.Release|Any CPU.Build.0 = Release|Any CPU
		{54815FE3-7915-43DA-AA6F-3640D4C5BB07}.Debug|Any CPU.ActiveCfg = Debug|Any CPU
		{54815FE3-7915-43DA-AA6F-3640D4C5BB07}.Debug|Any CPU.Build.0 = Debug|Any CPU
		{54815FE3-7915-43DA-AA6F-3640D4C5BB07}.Release|Any CPU.ActiveCfg = Release|Any CPU
		{54815FE3-7915-43DA-AA6F-3640D4C5BB07}.Release|Any CPU.Build.0 = Release|Any CPU
		{83888C7C-A5AB-45A4-9D47-A80502051B3C}.Debug|Any CPU.ActiveCfg = Debug|Any CPU
		{83888C7C-A5AB-45A4-9D47-A80502051B3C}.Debug|Any CPU.Build.0 = Debug|Any CPU
		{83888C7C-A5AB-45A4-9D47-A80502051B3C}.Release|Any CPU.ActiveCfg = Release|Any CPU
		{83888C7C-A5AB-45A4-9D47-A80502051B3C}.Release|Any CPU.Build.0 = Release|Any CPU
		{A1C6CCCC-6AF5-45A0-9FF7-06D05E51A06D}.Debug|Any CPU.ActiveCfg = Debug|Any CPU
		{A1C6CCCC-6AF5-45A0-9FF7-06D05E51A06D}.Debug|Any CPU.Build.0 = Debug|Any CPU
		{A1C6CCCC-6AF5-45A0-9FF7-06D05E51A06D}.Release|Any CPU.ActiveCfg = Release|Any CPU
		{A1C6CCCC-6AF5-45A0-9FF7-06D05E51A06D}.Release|Any CPU.Build.0 = Release|Any CPU
		{58243EE2-C45C-4A30-AF12-C13DD98C5526}.Debug|Any CPU.ActiveCfg = Debug|Any CPU
		{58243EE2-C45C-4A30-AF12-C13DD98C5526}.Debug|Any CPU.Build.0 = Debug|Any CPU
		{58243EE2-C45C-4A30-AF12-C13DD98C5526}.Release|Any CPU.ActiveCfg = Release|Any CPU
		{58243EE2-C45C-4A30-AF12-C13DD98C5526}.Release|Any CPU.Build.0 = Release|Any CPU
		{182FFE1E-6112-40AA-ABCB-FBB9EBB508C9}.Debug|Any CPU.ActiveCfg = Debug|Any CPU
		{182FFE1E-6112-40AA-ABCB-FBB9EBB508C9}.Debug|Any CPU.Build.0 = Debug|Any CPU
		{182FFE1E-6112-40AA-ABCB-FBB9EBB508C9}.Release|Any CPU.ActiveCfg = Release|Any CPU
		{182FFE1E-6112-40AA-ABCB-FBB9EBB508C9}.Release|Any CPU.Build.0 = Release|Any CPU
	EndGlobalSection
	GlobalSection(SolutionProperties) = preSolution
		HideSolutionNode = FALSE
	EndGlobalSection
	GlobalSection(NestedProjects) = preSolution
		{208C69BF-C955-4697-924A-883CFBD1843D} = {6DB5C5B1-9511-4544-A19D-9ABE76438F6F}
		{924ABA42-6842-4359-B64D-C8DDDBEA96B6} = {1AA96BDF-4B01-45FA-B8C5-66790A867B16}
		{C0CFD13A-2867-45FE-AABE-45446DB24B57} = {1AA96BDF-4B01-45FA-B8C5-66790A867B16}
		{54815FE3-7915-43DA-AA6F-3640D4C5BB07} = {1AA96BDF-4B01-45FA-B8C5-66790A867B16}
		{83888C7C-A5AB-45A4-9D47-A80502051B3C} = {1AA96BDF-4B01-45FA-B8C5-66790A867B16}
		{A1C6CCCC-6AF5-45A0-9FF7-06D05E51A06D} = {1AA96BDF-4B01-45FA-B8C5-66790A867B16}
		{58243EE2-C45C-4A30-AF12-C13DD98C5526} = {1AA96BDF-4B01-45FA-B8C5-66790A867B16}
		{182FFE1E-6112-40AA-ABCB-FBB9EBB508C9} = {1AA96BDF-4B01-45FA-B8C5-66790A867B16}
	EndGlobalSection
	GlobalSection(ExtensibilityGlobals) = postSolution
		SolutionGuid = {D00852D0-43D8-46D2-8DED-C194995A987A}
	EndGlobalSection
EndGlobal
